schema: SYS
name: V_$NONLOGGED_BLOCK
updatedAllowed: true
insertAllowed: true
viewDefinition: |-
  select
    "FILE#",
    "BLOCK#",
    "BLOCKS",
    "NONLOGGED_START_CHANGE#",
    "NONLOGGED_START_TIME",
    "NONLOGGED_END_CHANGE#",
    "NONLOGGED_END_TIME",
    "RESETLOGS_CHANGE#",
    "RESETLOGS_TIME",
    "OBJECT#",
    "REASON",
    "CON_ID"
  from
    v$nonlogged_block
columns: []
referencedTables: []
